
Microsoft Visual Studio Solution File, Format Version 12.00
# Visual Studio Version 16
VisualStudioVersion = 16.0.31205.134
MinimumVisualStudioVersion = 10.0.40219.1
Project("{9A19103F-16F7-4668-BE54-9A1E7A4F7556}") = "WRLibrary", "WRLibrary\WRLibrary.csproj", "{C1D5A639-052B-40D3-B39E-D93F1E7B5724}"
EndProject
Project("{9A19103F-16F7-4668-BE54-9A1E7A4F7556}") = "TestingConsole", "TestingConsole\TestingConsole.csproj", "{5C068053-CDD7-42D4-94ED-1FEFDA12ABCD}"
EndProject
Project("{FAE04EC0-301F-11D3-BF4B-00C04F79EFBC}") = "WordReminder_PC(Trial)", "WordReminder_PC\WordReminder_PC(Trial).csproj", "{CF09DE1E-1F62-4528-9339-799EC8E32013}"
EndProject
Project("{FAE04EC0-301F-11D3-BF4B-00C04F79EFBC}") = "WRApp_PC", "WRApp_PC\WRApp_PC.csproj", "{45CA53DD-E47B-4CCC-8297-7695408F74CB}"
EndProject
Global
	GlobalSection(SolutionConfigurationPlatforms) = preSolution
		Debug|Any CPU = Debug|Any CPU
		Release|Any CPU = Release|Any CPU
	EndGlobalSection
	GlobalSection(ProjectConfigurationPlatforms) = postSolution
		{C1D5A639-052B-40D3-B39E-D93F1E7B5724}.Debug|Any CPU.ActiveCfg = Debug|Any CPU
		{C1D5A639-052B-40D3-B39E-D93F1E7B5724}.Debug|Any CPU.Build.0 = Debug|Any CPU
		{C1D5A639-052B-40D3-B39E-D93F1E7B5724}.Release|Any CPU.ActiveCfg = Release|Any CPU
		{C1D5A639-052B-40D3-B39E-D93F1E7B5724}.Release|Any CPU.Build.0 = Release|Any CPU
		{5C068053-CDD7-42D4-94ED-1FEFDA12ABCD}.Debug|Any CPU.ActiveCfg = Debug|Any CPU
		{5C068053-CDD7-42D4-94ED-1FEFDA12ABCD}.Debug|Any CPU.Build.0 = Debug|Any CPU
		{5C068053-CDD7-42D4-94ED-1FEFDA12ABCD}.Release|Any CPU.ActiveCfg = Release|Any CPU
		{5C068053-CDD7-42D4-94ED-1FEFDA12ABCD}.Release|Any CPU.Build.0 = Release|Any CPU
		{CF09DE1E-1F62-4528-9339-799EC8E32013}.Debug|Any CPU.ActiveCfg = Debug|Any CPU
		{CF09DE1E-1F62-4528-9339-799EC8E32013}.Debug|Any CPU.Build.0 = Debug|Any CPU
		{CF09DE1E-1F62-4528-9339-799EC8E32013}.Release|Any CPU.ActiveCfg = Release|Any CPU
		{CF09DE1E-1F62-4528-9339-799EC8E32013}.Release|Any CPU.Build.0 = Release|Any CPU
		{45CA53DD-E47B-4CCC-8297-7695408F74CB}.Debug|Any CPU.ActiveCfg = Debug|Any CPU
		{45CA53DD-E47B-4CCC-8297-7695408F74CB}.Debug|Any CPU.Build.0 = Debug|Any CPU
		{45CA53DD-E47B-4CCC-8297-7695408F74CB}.Release|Any CPU.ActiveCfg = Release|Any CPU
		{45CA53DD-E47B-4CCC-8297-7695408F74CB}.Release|Any CPU.Build.0 = Release|Any CPU
	EndGlobalSection
	GlobalSection(SolutionProperties) = preSolution
		HideSolutionNode = FALSE
	EndGlobalSection
	GlobalSection(ExtensibilityGlobals) = postSolution
		SolutionGuid = {CC8CEBB4-FDAD-4DB5-ADB4-FE89353CD652}
	EndGlobalSection
EndGlobal
